
Microsoft Visual Studio Solution File, Format Version 12.00
# Visual Studio 14
VisualStudioVersion = 14.0.23107.0
MinimumVisualStudioVersion = 10.0.40219.1
Project("{F2A71F9B-5D33-465A-A702-920D77279786}") = "Parser", "CPlusMinus\Parser.fsproj", "{0CDEEFE8-5441-4B97-835B-86A2EC591A81}"
EndProject
Project("{FAE04EC0-301F-11D3-BF4B-00C04F79EFBC}") = "ASTAnalyser", "ASTAnalyser\ASTAnalyser.csproj", "{FD2D4DDE-9F57-49B0-86B9-F93AEDF345D0}"
EndProject
Project("{FAE04EC0-301F-11D3-BF4B-00C04F79EFBC}") = "AST", "AST\AST.csproj", "{39034A3D-DAB0-4075-BAF5-D93E4D8BCD66}"
EndProject
Global
	GlobalSection(SolutionConfigurationPlatforms) = preSolution
		Debug|Any CPU = Debug|Any CPU
		Release|Any CPU = Release|Any CPU
	EndGlobalSection
	GlobalSection(ProjectConfigurationPlatforms) = postSolution
		{0CDEEFE8-5441-4B97-835B-86A2EC591A81}.Debug|Any CPU.ActiveCfg = Debug|Any CPU
		{0CDEEFE8-5441-4B97-835B-86A2EC591A81}.Debug|Any CPU.Build.0 = Debug|Any CPU
		{0CDEEFE8-5441-4B97-835B-86A2EC591A81}.Debug|Any CPU.Deploy.0 = Debug|Any CPU
		{0CDEEFE8-5441-4B97-835B-86A2EC591A81}.Release|Any CPU.ActiveCfg = Release|Any CPU
		{0CDEEFE8-5441-4B97-835B-86A2EC591A81}.Release|Any CPU.Build.0 = Release|Any CPU
		{FD2D4DDE-9F57-49B0-86B9-F93AEDF345D0}.Debug|Any CPU.ActiveCfg = Debug|Any CPU
		{FD2D4DDE-9F57-49B0-86B9-F93AEDF345D0}.Debug|Any CPU.Build.0 = Debug|Any CPU
		{FD2D4DDE-9F57-49B0-86B9-F93AEDF345D0}.Debug|Any CPU.Deploy.0 = Debug|Any CPU
		{FD2D4DDE-9F57-49B0-86B9-F93AEDF345D0}.Release|Any CPU.ActiveCfg = Release|Any CPU
		{FD2D4DDE-9F57-49B0-86B9-F93AEDF345D0}.Release|Any CPU.Build.0 = Release|Any CPU
		{39034A3D-DAB0-4075-BAF5-D93E4D8BCD66}.Debug|Any CPU.ActiveCfg = Debug|Any CPU
		{39034A3D-DAB0-4075-BAF5-D93E4D8BCD66}.Debug|Any CPU.Build.0 = Debug|Any CPU
		{39034A3D-DAB0-4075-BAF5-D93E4D8BCD66}.Debug|Any CPU.Deploy.0 = Debug|Any CPU
		{39034A3D-DAB0-4075-BAF5-D93E4D8BCD66}.Release|Any CPU.ActiveCfg = Release|Any CPU
		{39034A3D-DAB0-4075-BAF5-D93E4D8BCD66}.Release|Any CPU.Build.0 = Release|Any CPU
	EndGlobalSection
	GlobalSection(SolutionProperties) = preSolution
		HideSolutionNode = FALSE
	EndGlobalSection
EndGlobal
